
Microsoft Visual Studio Solution File, Format Version 12.00
# Visual Studio Version 16
VisualStudioVersion = 16.0.31702.278
MinimumVisualStudioVersion = 10.0.40219.1
Project("{8BC9CEB8-8B4A-11D0-8D11-00A0C91BC942}") = "Solution DataContainers", "Solution DataContainers\Solution DataContainers.vcxproj", "{D06DA26A-4756-4A42-94E2-F6B3AD81A83A}"
EndProject
Project("{8BC9CEB8-8B4A-11D0-8D11-00A0C91BC942}") = "List2", "List2\List2.vcxproj", "{9CC82D7C-11DD-44A0-B719-F2A7FF15F3D7}"
EndProject
Project("{8BC9CEB8-8B4A-11D0-8D11-00A0C91BC942}") = "IteratorsInheritanceInList", "IteratorsInheritanceInList\IteratorsInheritanceInList.vcxproj", "{AC40DC29-FFC7-4DE2-8CAD-B834C78F779E}"
EndProject
Global
	GlobalSection(SolutionConfigurationPlatforms) = preSolution
		Debug|x64 = Debug|x64
		Debug|x86 = Debug|x86
		Release|x64 = Release|x64
		Release|x86 = Release|x86
	EndGlobalSection
	GlobalSection(ProjectConfigurationPlatforms) = postSolution
		{D06DA26A-4756-4A42-94E2-F6B3AD81A83A}.Debug|x64.ActiveCfg = Debug|x64
		{D06DA26A-4756-4A42-94E2-F6B3AD81A83A}.Debug|x64.Build.0 = Debug|x64
		{D06DA26A-4756-4A42-94E2-F6B3AD81A83A}.Debug|x86.ActiveCfg = Debug|Win32
		{D06DA26A-4756-4A42-94E2-F6B3AD81A83A}.Debug|x86.Build.0 = Debug|Win32
		{D06DA26A-4756-4A42-94E2-F6B3AD81A83A}.Release|x64.ActiveCfg = Release|x64
		{D06DA26A-4756-4A42-94E2-F6B3AD81A83A}.Release|x64.Build.0 = Release|x64
		{D06DA26A-4756-4A42-94E2-F6B3AD81A83A}.Release|x86.ActiveCfg = Release|Win32
		{D06DA26A-4756-4A42-94E2-F6B3AD81A83A}.Release|x86.Build.0 = Release|Win32
		{9CC82D7C-11DD-44A0-B719-F2A7FF15F3D7}.Debug|x64.ActiveCfg = Debug|x64
		{9CC82D7C-11DD-44A0-B719-F2A7FF15F3D7}.Debug|x64.Build.0 = Debug|x64
		{9CC82D7C-11DD-44A0-B719-F2A7FF15F3D7}.Debug|x86.ActiveCfg = Debug|Win32
		{9CC82D7C-11DD-44A0-B719-F2A7FF15F3D7}.Debug|x86.Build.0 = Debug|Win32
		{9CC82D7C-11DD-44A0-B719-F2A7FF15F3D7}.Release|x64.ActiveCfg = Release|x64
		{9CC82D7C-11DD-44A0-B719-F2A7FF15F3D7}.Release|x64.Build.0 = Release|x64
		{9CC82D7C-11DD-44A0-B719-F2A7FF15F3D7}.Release|x86.ActiveCfg = Release|Win32
		{9CC82D7C-11DD-44A0-B719-F2A7FF15F3D7}.Release|x86.Build.0 = Release|Win32
		{AC40DC29-FFC7-4DE2-8CAD-B834C78F779E}.Debug|x64.ActiveCfg = Debug|x64
		{AC40DC29-FFC7-4DE2-8CAD-B834C78F779E}.Debug|x64.Build.0 = Debug|x64
		{AC40DC29-FFC7-4DE2-8CAD-B834C78F779E}.Debug|x86.ActiveCfg = Debug|Win32
		{AC40DC29-FFC7-4DE2-8CAD-B834C78F779E}.Debug|x86.Build.0 = Debug|Win32
		{AC40DC29-FFC7-4DE2-8CAD-B834C78F779E}.Release|x64.ActiveCfg = Release|x64
		{AC40DC29-FFC7-4DE2-8CAD-B834C78F779E}.Release|x64.Build.0 = Release|x64
		{AC40DC29-FFC7-4DE2-8CAD-B834C78F779E}.Release|x86.ActiveCfg = Release|Win32
		{AC40DC29-FFC7-4DE2-8CAD-B834C78F779E}.Release|x86.Build.0 = Release|Win32
	EndGlobalSection
	GlobalSection(SolutionProperties) = preSolution
		HideSolutionNode = FALSE
	EndGlobalSection
	GlobalSection(ExtensibilityGlobals) = postSolution
		SolutionGuid = {D7E70F29-3835-4348-BF4C-F5CFCBB63300}
	EndGlobalSection
EndGlobal
